
Microsoft Visual Studio Solution File, Format Version 12.00
# Visual Studio Version 17
VisualStudioVersion = 17.5.33516.290
MinimumVisualStudioVersion = 10.0.40219.1
Project("{9A19103F-16F7-4668-BE54-9A1E7A4F7556}") = "TRANSDICOM", "TRANSDICOM\TRANSDICOM.csproj", "{747451F8-29E9-4112-AE98-C39B1745987B}"
EndProject
Project("{54435603-DBB4-11D2-8724-00A0C9A8B90C}") = "SetupX64", "SetupX64\SetupX64.vdproj", "{9CE6AB40-5017-48E0-83F0-7339028C1451}"
EndProject
Project("{54435603-DBB4-11D2-8724-00A0C9A8B90C}") = "SetupX86", "SetupX86\SetupX86.vdproj", "{623D617A-CE6D-411E-9905-28686682AC5A}"
EndProject
Global
	GlobalSection(SolutionConfigurationPlatforms) = preSolution
		Debug|Any CPU = Debug|Any CPU
		Debug|x86 = Debug|x86
		Release|Any CPU = Release|Any CPU
		Release|x86 = Release|x86
		x86|Any CPU = x86|Any CPU
		x86|x86 = x86|x86
	EndGlobalSection
	GlobalSection(ProjectConfigurationPlatforms) = postSolution
		{747451F8-29E9-4112-AE98-C39B1745987B}.Debug|Any CPU.ActiveCfg = Debug|Any CPU
		{747451F8-29E9-4112-AE98-C39B1745987B}.Debug|Any CPU.Build.0 = Debug|Any CPU
		{747451F8-29E9-4112-AE98-C39B1745987B}.Debug|x86.ActiveCfg = Debug|Any CPU
		{747451F8-29E9-4112-AE98-C39B1745987B}.Debug|x86.Build.0 = Debug|Any CPU
		{747451F8-29E9-4112-AE98-C39B1745987B}.Release|Any CPU.ActiveCfg = Release|Any CPU
		{747451F8-29E9-4112-AE98-C39B1745987B}.Release|Any CPU.Build.0 = Release|Any CPU
		{747451F8-29E9-4112-AE98-C39B1745987B}.Release|x86.ActiveCfg = Release|Any CPU
		{747451F8-29E9-4112-AE98-C39B1745987B}.Release|x86.Build.0 = Release|Any CPU
		{747451F8-29E9-4112-AE98-C39B1745987B}.x86|Any CPU.ActiveCfg = x86|Any CPU
		{747451F8-29E9-4112-AE98-C39B1745987B}.x86|Any CPU.Build.0 = x86|Any CPU
		{747451F8-29E9-4112-AE98-C39B1745987B}.x86|x86.ActiveCfg = x86|x86
		{747451F8-29E9-4112-AE98-C39B1745987B}.x86|x86.Build.0 = x86|x86
		{9CE6AB40-5017-48E0-83F0-7339028C1451}.Debug|Any CPU.ActiveCfg = Debug
		{9CE6AB40-5017-48E0-83F0-7339028C1451}.Debug|x86.ActiveCfg = Debug
		{9CE6AB40-5017-48E0-83F0-7339028C1451}.Debug|x86.Build.0 = Debug
		{9CE6AB40-5017-48E0-83F0-7339028C1451}.Release|Any CPU.ActiveCfg = Release
		{9CE6AB40-5017-48E0-83F0-7339028C1451}.Release|x86.ActiveCfg = Release
		{9CE6AB40-5017-48E0-83F0-7339028C1451}.Release|x86.Build.0 = Release
		{9CE6AB40-5017-48E0-83F0-7339028C1451}.x86|Any CPU.ActiveCfg = x86
		{9CE6AB40-5017-48E0-83F0-7339028C1451}.x86|Any CPU.Build.0 = x86
		{9CE6AB40-5017-48E0-83F0-7339028C1451}.x86|x86.ActiveCfg = x86
		{9CE6AB40-5017-48E0-83F0-7339028C1451}.x86|x86.Build.0 = x86
		{623D617A-CE6D-411E-9905-28686682AC5A}.Debug|Any CPU.ActiveCfg = Debug
		{623D617A-CE6D-411E-9905-28686682AC5A}.Debug|x86.ActiveCfg = Debug
		{623D617A-CE6D-411E-9905-28686682AC5A}.Debug|x86.Build.0 = Debug
		{623D617A-CE6D-411E-9905-28686682AC5A}.Release|Any CPU.ActiveCfg = Release
		{623D617A-CE6D-411E-9905-28686682AC5A}.Release|x86.ActiveCfg = Release
		{623D617A-CE6D-411E-9905-28686682AC5A}.Release|x86.Build.0 = Release
		{623D617A-CE6D-411E-9905-28686682AC5A}.x86|Any CPU.ActiveCfg = x86
		{623D617A-CE6D-411E-9905-28686682AC5A}.x86|Any CPU.Build.0 = x86
		{623D617A-CE6D-411E-9905-28686682AC5A}.x86|x86.ActiveCfg = x86
		{623D617A-CE6D-411E-9905-28686682AC5A}.x86|x86.Build.0 = x86
	EndGlobalSection
	GlobalSection(SolutionProperties) = preSolution
		HideSolutionNode = FALSE
	EndGlobalSection
	GlobalSection(ExtensibilityGlobals) = postSolution
		SolutionGuid = {A90A7C85-9CEC-415F-A2B8-05429D6F7BF0}
	EndGlobalSection
EndGlobal
